
Microsoft Visual Studio Solution File, Format Version 12.00
# Visual Studio Version 16
VisualStudioVersion = 16.0.31911.196
MinimumVisualStudioVersion = 10.0.40219.1
Project("{8BC9CEB8-8B4A-11D0-8D11-00A0C91BC942}") = "RaytracerInOneWeekend", "RaytracerInOneWeekend.vcxproj", "{528210ED-4279-46DD-B59E-5FB5B884FD42}"
EndProject
Global
	GlobalSection(SolutionConfigurationPlatforms) = preSolution
		Debug|x64 = Debug|x64
		Debug|x86 = Debug|x86
		Release|x64 = Release|x64
		Release|x86 = Release|x86
	EndGlobalSection
	GlobalSection(ProjectConfigurationPlatforms) = postSolution
		{528210ED-4279-46DD-B59E-5FB5B884FD42}.Debug|x64.ActiveCfg = Debug|x64
		{528210ED-4279-46DD-B59E-5FB5B884FD42}.Debug|x64.Build.0 = Debug|x64
		{528210ED-4279-46DD-B59E-5FB5B884FD42}.Debug|x86.ActiveCfg = Debug|Win32
		{528210ED-4279-46DD-B59E-5FB5B884FD42}.Debug|x86.Build.0 = Debug|Win32
		{528210ED-4279-46DD-B59E-5FB5B884FD42}.Release|x64.ActiveCfg = Release|x64
		{528210ED-4279-46DD-B59E-5FB5B884FD42}.Release|x64.Build.0 = Release|x64
		{528210ED-4279-46DD-B59E-5FB5B884FD42}.Release|x86.ActiveCfg = Release|Win32
		{528210ED-4279-46DD-B59E-5FB5B884FD42}.Release|x86.Build.0 = Release|Win32
	EndGlobalSection
	GlobalSection(SolutionProperties) = preSolution
		HideSolutionNode = FALSE
	EndGlobalSection
	GlobalSection(ExtensibilityGlobals) = postSolution
		SolutionGuid = {5FA2B15C-106C-4D46-B02B-483D55DDCA97}
	EndGlobalSection
EndGlobal
